{
  "originHash" : "009f0fcea4cbaf96b9b88531478156cbf1cc9eb25d981878b2558cdc350ba1e9",
  "pins" : [
    {
      "identity" : "swift-argument-parser",
      "kind" : "remoteSourceControl",
      "location" : "https://github.com/apple/swift-argument-parser",
      "state" : {
        "revision" : "6a52f3251125d74daf04fcbd5e6f08a75d074382",
        "version" : "1.8.2"
      }
    },
    {
      "identity" : "swiftterm",
      "kind" : "remoteSourceControl",
      "location" : "https://github.com/migueldeicaza/SwiftTerm",
      "state" : {
        "revision" : "464df5207fc2432e16c9a23abe538187196daf5f",
        "version" : "1.19.0"
      }
    },
    {
      "identity" : "yswift",
      "kind" : "remoteSourceControl",
      "location" : "https://github.com/y-crdt/yswift",
      "state" : {
        "revision" : "8c25f088fcccfc3c428c37ac9206a297d031f1c5",
        "version" : "0.2.1"
      }
    }
  ],
  "version" : 3
}
